
Microsoft Visual Studio Solution File, Format Version 12.00
# Visual Studio Version 17
VisualStudioVersion = 17.8.34511.84
MinimumVisualStudioVersion = 10.0.40219.1
Project("{8BC9CEB8-8B4A-11D0-8D11-00A0C91BC942}") = "Train", "Train.vcxproj", "{58FC1BE7-91A6-4FCE-8F8C-4FEDE594D132}"
EndProject
Global
	GlobalSection(SolutionConfigurationPlatforms) = preSolution
		Debug|x64 = Debug|x64
		Debug|x86 = Debug|x86
		Release|x64 = Release|x64
		Release|x86 = Release|x86
	EndGlobalSection
	GlobalSection(ProjectConfigurationPlatforms) = postSolution
		{58FC1BE7-91A6-4FCE-8F8C-4FEDE594D132}.Debug|x64.ActiveCfg = Debug|x64
		{58FC1BE7-91A6-4FCE-8F8C-4FEDE594D132}.Debug|x64.Build.0 = Debug|x64
		{58FC1BE7-91A6-4FCE-8F8C-4FEDE594D132}.Debug|x86.ActiveCfg = Debug|Win32
		{58FC1BE7-91A6-4FCE-8F8C-4FEDE594D132}.Debug|x86.Build.0 = Debug|Win32
		{58FC1BE7-91A6-4FCE-8F8C-4FEDE594D132}.Release|x64.ActiveCfg = Release|x64
		{58FC1BE7-91A6-4FCE-8F8C-4FEDE594D132}.Release|x64.Build.0 = Release|x64
		{58FC1BE7-91A6-4FCE-8F8C-4FEDE594D132}.Release|x86.ActiveCfg = Release|Win32
		{58FC1BE7-91A6-4FCE-8F8C-4FEDE594D132}.Release|x86.Build.0 = Release|Win32
	EndGlobalSection
	GlobalSection(SolutionProperties) = preSolution
		HideSolutionNode = FALSE
	EndGlobalSection
	GlobalSection(ExtensibilityGlobals) = postSolution
		SolutionGuid = {22C788E2-8F24-4CA5-8E56-8A9C8D80C3E5}
	EndGlobalSection
EndGlobal
